
Microsoft Visual Studio Solution File, Format Version 12.00
# Visual Studio Version 17
VisualStudioVersion = 17.8.34322.80
MinimumVisualStudioVersion = 10.0.40219.1
Project("{2150E333-8FDC-42A3-9474-1A3956D46DE8}") = "src", "src", "{0A4BFF8A-21AA-45CD-82A6-5A7CF267D127}"
EndProject
Project("{2150E333-8FDC-42A3-9474-1A3956D46DE8}") = "Api", "Api", "{AE45FAA8-D1FB-47A9-86FD-57A25A1D930B}"
EndProject
Project("{2150E333-8FDC-42A3-9474-1A3956D46DE8}") = "Clients", "Clients", "{DE3098EE-C484-48BF-8D36-63197BB16210}"
EndProject
Project("{2150E333-8FDC-42A3-9474-1A3956D46DE8}") = "Common", "Common", "{91CFF033-D0F4-4C83-A645-2E5B9FA857E1}"
EndProject
Project("{2150E333-8FDC-42A3-9474-1A3956D46DE8}") = "Projections", "Projections", "{DB418E06-B509-4640-974C-CC144388F8D2}"
EndProject
Project("{2150E333-8FDC-42A3-9474-1A3956D46DE8}") = "Core", "Core", "{12EAA6C7-8EA2-49C8-8DC0-12A01EB4826B}"
EndProject
Project("{2150E333-8FDC-42A3-9474-1A3956D46DE8}") = "Infrastructure", "Infrastructure", "{961F3364-DA02-4934-8D58-FB1E8906CE74}"
EndProject
Project("{2150E333-8FDC-42A3-9474-1A3956D46DE8}") = "WebApi", "WebApi", "{F13A74DD-C7D2-4F23-81A1-137583700C2B}"
EndProject
Project("{2150E333-8FDC-42A3-9474-1A3956D46DE8}") = "BlazorWeb", "BlazorWeb", "{2EC95040-5756-46B2-81DB-5EE02CD39EC6}"
EndProject
Project("{9A19103F-16F7-4668-BE54-9A1E7A4F7556}") = "BlazorSozluk.Common", "src\Common\BlazorSozluk.Common\BlazorSozluk.Common.csproj", "{2F94576E-EC61-4539-B0CA-2F9AE5064F22}"
EndProject
Project("{9A19103F-16F7-4668-BE54-9A1E7A4F7556}") = "BlazorSozluk.Api.Domain", "src\Api\Core\BlazorSozluk.Api.Domain\BlazorSozluk.Api.Domain.csproj", "{3AF10B38-7EA8-4064-B1C4-6ADF5089ED61}"
EndProject
Project("{9A19103F-16F7-4668-BE54-9A1E7A4F7556}") = "BlazorSozluk.Api.Application", "src\Api\Core\BlazorSozluk.Api.Application\BlazorSozluk.Api.Application.csproj", "{E657851F-E5FD-4478-87EB-78EC7987E872}"
EndProject
Project("{9A19103F-16F7-4668-BE54-9A1E7A4F7556}") = "BlazorSozluk.Api.Infrastructure.Persistence", "src\Api\Infrastructure\BlazorSozluk.Infrastructure.Persistence\BlazorSozluk.Api.Infrastructure.Persistence.csproj", "{1E0166AC-2E25-40BE-BCD4-C3E7B9B40386}"
EndProject
Project("{9A19103F-16F7-4668-BE54-9A1E7A4F7556}") = "BlazorSozluk.Api.WebApi", "src\Api\WebApi\BlazorSozluk.Api.WebApi\BlazorSozluk.Api.WebApi.csproj", "{C9AABB71-01DA-4BE9-9719-E61CA31D66C9}"
EndProject
Project("{9A19103F-16F7-4668-BE54-9A1E7A4F7556}") = "BlazorSozluk.Projections.FavoriteService", "src\Projections\BlazorSozluk.Projections.FavoriteService\BlazorSozluk.Projections.FavoriteService.csproj", "{6BF6507F-CDD1-4D27-B9D9-CBCC8875FB42}"
EndProject
Project("{9A19103F-16F7-4668-BE54-9A1E7A4F7556}") = "BlazorSozluk.Projections.UserService", "src\Projections\BlazorSozluk.Projections.User\BlazorSozluk.Projections.UserService.csproj", "{5BB01184-008B-4C96-A76D-25FB38B58D99}"
EndProject
Project("{9A19103F-16F7-4668-BE54-9A1E7A4F7556}") = "BlazorSozluk.Projections.VoteService", "src\Projections\BlazorSozluk.Projections.VoteService\BlazorSozluk.Projections.VoteService.csproj", "{F0BDF331-D226-4F77-9603-9A05A5547961}"
EndProject
Project("{9A19103F-16F7-4668-BE54-9A1E7A4F7556}") = "BlazorSozluk.WebApp", "src\Clients\BlazorWeb\BlazorSozluk.WebApp\BlazorSozluk.WebApp.csproj", "{CABE67D5-1156-42E9-A32B-0DDCCA1D95A9}"
EndProject
Global
	GlobalSection(SolutionConfigurationPlatforms) = preSolution
		Debug|Any CPU = Debug|Any CPU
		Release|Any CPU = Release|Any CPU
	EndGlobalSection
	GlobalSection(ProjectConfigurationPlatforms) = postSolution
		{2F94576E-EC61-4539-B0CA-2F9AE5064F22}.Debug|Any CPU.ActiveCfg = Debug|Any CPU
		{2F94576E-EC61-4539-B0CA-2F9AE5064F22}.Debug|Any CPU.Build.0 = Debug|Any CPU
		{2F94576E-EC61-4539-B0CA-2F9AE5064F22}.Release|Any CPU.ActiveCfg = Release|Any CPU
		{2F94576E-EC61-4539-B0CA-2F9AE5064F22}.Release|Any CPU.Build.0 = Release|Any CPU
		{3AF10B38-7EA8-4064-B1C4-6ADF5089ED61}.Debug|Any CPU.ActiveCfg = Debug|Any CPU
		{3AF10B38-7EA8-4064-B1C4-6ADF5089ED61}.Debug|Any CPU.Build.0 = Debug|Any CPU
		{3AF10B38-7EA8-4064-B1C4-6ADF5089ED61}.Release|Any CPU.ActiveCfg = Release|Any CPU
		{3AF10B38-7EA8-4064-B1C4-6ADF5089ED61}.Release|Any CPU.Build.0 = Release|Any CPU
		{E657851F-E5FD-4478-87EB-78EC7987E872}.Debug|Any CPU.ActiveCfg = Debug|Any CPU
		{E657851F-E5FD-4478-87EB-78EC7987E872}.Debug|Any CPU.Build.0 = Debug|Any CPU
		{E657851F-E5FD-4478-87EB-78EC7987E872}.Release|Any CPU.ActiveCfg = Release|Any CPU
		{E657851F-E5FD-4478-87EB-78EC7987E872}.Release|Any CPU.Build.0 = Release|Any CPU
		{1E0166AC-2E25-40BE-BCD4-C3E7B9B40386}.Debug|Any CPU.ActiveCfg = Debug|Any CPU
		{1E0166AC-2E25-40BE-BCD4-C3E7B9B40386}.Debug|Any CPU.Build.0 = Debug|Any CPU
		{1E0166AC-2E25-40BE-BCD4-C3E7B9B40386}.Release|Any CPU.ActiveCfg = Release|Any CPU
		{1E0166AC-2E25-40BE-BCD4-C3E7B9B40386}.Release|Any CPU.Build.0 = Release|Any CPU
		{C9AABB71-01DA-4BE9-9719-E61CA31D66C9}.Debug|Any CPU.ActiveCfg = Debug|Any CPU
		{C9AABB71-01DA-4BE9-9719-E61CA31D66C9}.Debug|Any CPU.Build.0 = Debug|Any CPU
		{C9AABB71-01DA-4BE9-9719-E61CA31D66C9}.Release|Any CPU.ActiveCfg = Release|Any CPU
		{C9AABB71-01DA-4BE9-9719-E61CA31D66C9}.Release|Any CPU.Build.0 = Release|Any CPU
		{6BF6507F-CDD1-4D27-B9D9-CBCC8875FB42}.Debug|Any CPU.ActiveCfg = Debug|Any CPU
		{6BF6507F-CDD1-4D27-B9D9-CBCC8875FB42}.Debug|Any CPU.Build.0 = Debug|Any CPU
		{6BF6507F-CDD1-4D27-B9D9-CBCC8875FB42}.Release|Any CPU.ActiveCfg = Release|Any CPU
		{6BF6507F-CDD1-4D27-B9D9-CBCC8875FB42}.Release|Any CPU.Build.0 = Release|Any CPU
		{5BB01184-008B-4C96-A76D-25FB38B58D99}.Debug|Any CPU.ActiveCfg = Debug|Any CPU
		{5BB01184-008B-4C96-A76D-25FB38B58D99}.Debug|Any CPU.Build.0 = Debug|Any CPU
		{5BB01184-008B-4C96-A76D-25FB38B58D99}.Release|Any CPU.ActiveCfg = Release|Any CPU
		{5BB01184-008B-4C96-A76D-25FB38B58D99}.Release|Any CPU.Build.0 = Release|Any CPU
		{F0BDF331-D226-4F77-9603-9A05A5547961}.Debug|Any CPU.ActiveCfg = Debug|Any CPU
		{F0BDF331-D226-4F77-9603-9A05A5547961}.Debug|Any CPU.Build.0 = Debug|Any CPU
		{F0BDF331-D226-4F77-9603-9A05A5547961}.Release|Any CPU.ActiveCfg = Release|Any CPU
		{F0BDF331-D226-4F77-9603-9A05A5547961}.Release|Any CPU.Build.0 = Release|Any CPU
		{CABE67D5-1156-42E9-A32B-0DDCCA1D95A9}.Debug|Any CPU.ActiveCfg = Debug|Any CPU
		{CABE67D5-1156-42E9-A32B-0DDCCA1D95A9}.Debug|Any CPU.Build.0 = Debug|Any CPU
		{CABE67D5-1156-42E9-A32B-0DDCCA1D95A9}.Release|Any CPU.ActiveCfg = Release|Any CPU
		{CABE67D5-1156-42E9-A32B-0DDCCA1D95A9}.Release|Any CPU.Build.0 = Release|Any CPU
	EndGlobalSection
	GlobalSection(SolutionProperties) = preSolution
		HideSolutionNode = FALSE
	EndGlobalSection
	GlobalSection(NestedProjects) = preSolution
		{AE45FAA8-D1FB-47A9-86FD-57A25A1D930B} = {0A4BFF8A-21AA-45CD-82A6-5A7CF267D127}
		{DE3098EE-C484-48BF-8D36-63197BB16210} = {0A4BFF8A-21AA-45CD-82A6-5A7CF267D127}
		{91CFF033-D0F4-4C83-A645-2E5B9FA857E1} = {0A4BFF8A-21AA-45CD-82A6-5A7CF267D127}
		{DB418E06-B509-4640-974C-CC144388F8D2} = {0A4BFF8A-21AA-45CD-82A6-5A7CF267D127}
		{12EAA6C7-8EA2-49C8-8DC0-12A01EB4826B} = {AE45FAA8-D1FB-47A9-86FD-57A25A1D930B}
		{961F3364-DA02-4934-8D58-FB1E8906CE74} = {AE45FAA8-D1FB-47A9-86FD-57A25A1D930B}
		{F13A74DD-C7D2-4F23-81A1-137583700C2B} = {AE45FAA8-D1FB-47A9-86FD-57A25A1D930B}
		{2EC95040-5756-46B2-81DB-5EE02CD39EC6} = {DE3098EE-C484-48BF-8D36-63197BB16210}
		{2F94576E-EC61-4539-B0CA-2F9AE5064F22} = {91CFF033-D0F4-4C83-A645-2E5B9FA857E1}
		{3AF10B38-7EA8-4064-B1C4-6ADF5089ED61} = {12EAA6C7-8EA2-49C8-8DC0-12A01EB4826B}
		{E657851F-E5FD-4478-87EB-78EC7987E872} = {12EAA6C7-8EA2-49C8-8DC0-12A01EB4826B}
		{1E0166AC-2E25-40BE-BCD4-C3E7B9B40386} = {961F3364-DA02-4934-8D58-FB1E8906CE74}
		{C9AABB71-01DA-4BE9-9719-E61CA31D66C9} = {F13A74DD-C7D2-4F23-81A1-137583700C2B}
		{6BF6507F-CDD1-4D27-B9D9-CBCC8875FB42} = {DB418E06-B509-4640-974C-CC144388F8D2}
		{5BB01184-008B-4C96-A76D-25FB38B58D99} = {DB418E06-B509-4640-974C-CC144388F8D2}
		{F0BDF331-D226-4F77-9603-9A05A5547961} = {DB418E06-B509-4640-974C-CC144388F8D2}
		{CABE67D5-1156-42E9-A32B-0DDCCA1D95A9} = {2EC95040-5756-46B2-81DB-5EE02CD39EC6}
	EndGlobalSection
	GlobalSection(ExtensibilityGlobals) = postSolution
		SolutionGuid = {99F66059-9509-4F82-809C-14D547C819CD}
	EndGlobalSection
EndGlobal
